
Microsoft Visual Studio Solution File, Format Version 12.00
# Visual Studio Version 16
VisualStudioVersion = 16.0.31515.178
MinimumVisualStudioVersion = 10.0.40219.1
Project("{FAE04EC0-301F-11D3-BF4B-00C04F79EFBC}") = "HomeWork1WPF", "HomeWork1WPF\HomeWork1WPF.csproj", "{4E525C0E-EFA7-4831-87DA-3CA7A48950EB}"
EndProject
Global
	GlobalSection(SolutionConfigurationPlatforms) = preSolution
		Debug|Any CPU = Debug|Any CPU
		Release|Any CPU = Release|Any CPU
	EndGlobalSection
	GlobalSection(ProjectConfigurationPlatforms) = postSolution
		{4E525C0E-EFA7-4831-87DA-3CA7A48950EB}.Debug|Any CPU.ActiveCfg = Debug|Any CPU
		{4E525C0E-EFA7-4831-87DA-3CA7A48950EB}.Debug|Any CPU.Build.0 = Debug|Any CPU
		{4E525C0E-EFA7-4831-87DA-3CA7A48950EB}.Release|Any CPU.ActiveCfg = Release|Any CPU
		{4E525C0E-EFA7-4831-87DA-3CA7A48950EB}.Release|Any CPU.Build.0 = Release|Any CPU
	EndGlobalSection
	GlobalSection(SolutionProperties) = preSolution
		HideSolutionNode = FALSE
	EndGlobalSection
	GlobalSection(ExtensibilityGlobals) = postSolution
		SolutionGuid = {858913D3-CA17-464D-82CB-681EA948886C}
	EndGlobalSection
EndGlobal
